
Microsoft Visual Studio Solution File, Format Version 12.00
# Visual Studio Version 17
VisualStudioVersion = 17.11.35327.3
MinimumVisualStudioVersion = 10.0.40219.1
Project("{FAE04EC0-301F-11D3-BF4B-00C04F79EFBC}") = "NbtDay03View", "NbtDay03View\NbtDay03View.csproj", "{5FEC1A97-4CDC-43AE-843B-5EC94E723328}"
EndProject
Global
	GlobalSection(SolutionConfigurationPlatforms) = preSolution
		Debug|Any CPU = Debug|Any CPU
		Release|Any CPU = Release|Any CPU
	EndGlobalSection
	GlobalSection(ProjectConfigurationPlatforms) = postSolution
		{5FEC1A97-4CDC-43AE-843B-5EC94E723328}.Debug|Any CPU.ActiveCfg = Debug|Any CPU
		{5FEC1A97-4CDC-43AE-843B-5EC94E723328}.Debug|Any CPU.Build.0 = Debug|Any CPU
		{5FEC1A97-4CDC-43AE-843B-5EC94E723328}.Release|Any CPU.ActiveCfg = Release|Any CPU
		{5FEC1A97-4CDC-43AE-843B-5EC94E723328}.Release|Any CPU.Build.0 = Release|Any CPU
	EndGlobalSection
	GlobalSection(SolutionProperties) = preSolution
		HideSolutionNode = FALSE
	EndGlobalSection
	GlobalSection(ExtensibilityGlobals) = postSolution
		SolutionGuid = {3110F155-6258-42D8-8402-00298456BF85}
	EndGlobalSection
EndGlobal
